
Microsoft Visual Studio Solution File, Format Version 12.00
# Visual Studio Version 16
VisualStudioVersion = 16.0.30413.136
MinimumVisualStudioVersion = 10.0.40219.1
Project("{FAE04EC0-301F-11D3-BF4B-00C04F79EFBC}") = "AppAgularTest", "AppAgularTest\AppAgularTest.csproj", "{39247DBE-E8B2-4A22-B666-9CFADB9A7433}"
EndProject
Global
	GlobalSection(SolutionConfigurationPlatforms) = preSolution
		Debug|Any CPU = Debug|Any CPU
		Release|Any CPU = Release|Any CPU
	EndGlobalSection
	GlobalSection(ProjectConfigurationPlatforms) = postSolution
		{39247DBE-E8B2-4A22-B666-9CFADB9A7433}.Debug|Any CPU.ActiveCfg = Debug|Any CPU
		{39247DBE-E8B2-4A22-B666-9CFADB9A7433}.Debug|Any CPU.Build.0 = Debug|Any CPU
		{39247DBE-E8B2-4A22-B666-9CFADB9A7433}.Release|Any CPU.ActiveCfg = Release|Any CPU
		{39247DBE-E8B2-4A22-B666-9CFADB9A7433}.Release|Any CPU.Build.0 = Release|Any CPU
	EndGlobalSection
	GlobalSection(SolutionProperties) = preSolution
		HideSolutionNode = FALSE
	EndGlobalSection
	GlobalSection(ExtensibilityGlobals) = postSolution
		SolutionGuid = {B84C7C20-1C59-4B11-9D73-BF4480B4E48A}
	EndGlobalSection
EndGlobal
